{
  "name": "wasmx-ava-p2p",
  "version": "0.0.1",
  "lockfileVersion": 2,
  "requires": true,
  "packages": {
    "": {
      "name": "wasmx-ava-p2p",
      "version": "0.0.1",
      "license": "UNLICENSED",
      "dependencies": {
        "as-base64": "^0.2.0",
        "json-as": "file:../../../as-json",
        "wasmx-ava-snowman": "file:../wasmx-ava-snowman",
        "wasmx-blocks": "file:../wasmx-blocks",
        "wasmx-consensus": "file:../wasmx-consensus",
        "wasmx-consensus-utils": "file:../wasmx-consensus-utils",
        "wasmx-env": "file:../wasmx-env",
        "wasmx-p2p": "file:../wasmx-p2p",
        "wasmx-stake": "file:../wasmx-stake",
        "wasmx-utils": "file:../wasmx-utils",
        "xstate-fsm-as": "file:../xstate-fsm-as"
      },
      "devDependencies": {
        "assemblyscript": "^0.27.24"
      }
    },
    "../../../as-json": {
      "name": "json-as",
      "version": "1.0.4",
      "license": "MIT",
      "devDependencies": {
        "@assemblyscript/wasi-shim": "^0.1.0",
        "@types/node": "^22.13.10",
        "assemblyscript": "^0.27.35",
        "assemblyscript-prettier": "^3.0.1",
        "prettier": "^3.5.3",
        "tsx": "^4.19.3",
        "typescript": "^5.8.2"
      }
    },
    "../wasmx-ava-snowman": {
      "version": "0.0.1",
      "license": "UNLICENSED",
      "dependencies": {
        "as-base64": "^0.2.0",
        "json-as": "file:../../../as-json",
        "visitor-as": "^0.11.4",
        "wasmx-blocks": "file:../wasmx-blocks",
        "wasmx-consensus": "file:../wasmx-consensus",
        "wasmx-consensus-utils": "file:../wasmx-consensus-utils",
        "wasmx-env": "file:../wasmx-env",
        "wasmx-env-core": "file:../wasmx-env-core",
        "wasmx-stake": "file:../wasmx-stake",
        "wasmx-utils": "file:../wasmx-utils",
        "xstate-fsm-as": "file:../xstate-fsm-as"
      },
      "devDependencies": {
        "assemblyscript": "^0.27.23"
      }
    },
    "../wasmx-blocks": {
      "version": "0.0.1",
      "license": "UNLICENSED",
      "dependencies": {
        "as-base64": "^0.2.0",
        "json-as": "file:../../../as-json",
        "visitor-as": "^0.11.4",
        "wasmx-env": "file:../wasmx-env",
        "wasmx-utils": "file:../wasmx-utils"
      },
      "devDependencies": {
        "assemblyscript": "0.27.36"
      }
    },
    "../wasmx-consensus": {
      "version": "0.0.1",
      "license": "UNLICENSED",
      "dependencies": {
        "as-base64": "^0.2.0",
        "json-as": "file:../../../as-json",
        "visitor-as": "^0.11.4",
        "wasmx-env": "file:../wasmx-env"
      },
      "devDependencies": {
        "assemblyscript": "0.27.36"
      }
    },
    "../wasmx-consensus-utils": {
      "version": "0.0.1",
      "license": "UNLICENSED",
      "dependencies": {
        "as-base64": "^0.2.0",
        "as-tally": "file:../as-tally",
        "json-as": "file:../../../as-json",
        "visitor-as": "^0.11.4",
        "wasmx-blocks": "file:../wasmx-blocks",
        "wasmx-consensus": "file:../wasmx-consensus",
        "wasmx-env": "file:../wasmx-env",
        "wasmx-stake": "file:../wasmx-stake",
        "wasmx-utils": "file:../wasmx-utils"
      },
      "devDependencies": {
        "assemblyscript": "^0.27.24"
      }
    },
    "../wasmx-env": {
      "version": "0.0.1",
      "license": "UNLICENSED",
      "dependencies": {
        "as-base64": "^0.2.0",
        "as-tally": "file:../as-tally",
        "json-as": "file:../../../as-json",
        "visitor-as": "^0.11.4"
      },
      "devDependencies": {
        "assemblyscript": "0.27.36"
      }
    },
    "../wasmx-p2p": {
      "version": "0.0.1",
      "license": "UNLICENSED",
      "dependencies": {
        "as-base64": "^0.2.0",
        "json-as": "file:../../../as-json",
        "visitor-as": "^0.11.4",
        "wasmx-env": "file:../wasmx-env",
        "wasmx-utils": "file:../wasmx-utils"
      },
      "devDependencies": {
        "assemblyscript": "^0.27.23"
      }
    },
    "../wasmx-stake": {
      "version": "0.0.1",
      "license": "UNLICENSED",
      "dependencies": {
        "as-base64": "^0.2.0",
        "json-as": "file:../../../as-json",
        "visitor-as": "^0.11.4",
        "wasmx-bank": "file:../wasmx-bank",
        "wasmx-consensus": "file:../wasmx-consensus",
        "wasmx-derc20": "file:../wasmx-derc20",
        "wasmx-env": "file:../wasmx-env",
        "wasmx-env-core": "file:../wasmx-env-core",
        "wasmx-erc20": "file:../wasmx-erc20",
        "wasmx-utils": "file:../wasmx-utils"
      },
      "devDependencies": {
        "assemblyscript": "0.27.36"
      }
    },
    "../wasmx-utils": {
      "version": "0.0.1",
      "license": "UNLICENSED",
      "dependencies": {
        "as-base64": "^0.2.0",
        "json-as": "file:../../../as-json"
      },
      "devDependencies": {
        "assemblyscript": "0.27.36"
      }
    },
    "../xstate-fsm-as": {
      "version": "1.0.0",
      "license": "UNLICENSED",
      "dependencies": {
        "as-base64": "^0.2.0",
        "json-as": "file:../../../as-json",
        "visitor-as": "^0.11.4",
        "wasmx-blocks": "file:../wasmx-blocks",
        "wasmx-env": "file:../wasmx-env",
        "wasmx-env-core": "file:../wasmx-env-core",
        "wasmx-utils": "file:../wasmx-utils"
      },
      "devDependencies": {
        "assemblyscript": "^0.27.15"
      }
    },
    "node_modules/as-base64": {
      "version": "0.2.0",
      "resolved": "https://registry.npmjs.org/as-base64/-/as-base64-0.2.0.tgz",
      "integrity": "sha512-j6JxprAVN4SXUcZiSChuMBf0JJOCdh5OfrHAepluxmFWuDZZm+YjmfNSk8djUHRPEB+Ui5HGvrz46GLvTJf3ig=="
    },
    "node_modules/assemblyscript": {
      "version": "0.27.24",
      "resolved": "https://registry.npmjs.org/assemblyscript/-/assemblyscript-0.27.24.tgz",
      "integrity": "sha512-TWQVwAqBJ3akkeDhUnknQbQietiEKSw5kAIiGTqoJFGiHTDeB9LdMDhZLnashxrJuG4jR/p57DhzN8biyC1/gg==",
      "dev": true,
      "dependencies": {
        "binaryen": "116.0.0-nightly.20240114",
        "long": "^5.2.1"
      },
      "bin": {
        "asc": "bin/asc.js",
        "asinit": "bin/asinit.js"
      },
      "engines": {
        "node": ">=16",
        "npm": ">=7"
      },
      "funding": {
        "type": "opencollective",
        "url": "https://opencollective.com/assemblyscript"
      }
    },
    "node_modules/binaryen": {
      "version": "116.0.0-nightly.20240114",
      "resolved": "https://registry.npmjs.org/binaryen/-/binaryen-116.0.0-nightly.20240114.tgz",
      "integrity": "sha512-0GZrojJnuhoe+hiwji7QFaL3tBlJoA+KFUN7ouYSDGZLSo9CKM8swQX8n/UcbR0d1VuZKU+nhogNzv423JEu5A==",
      "dev": true,
      "bin": {
        "wasm-opt": "bin/wasm-opt",
        "wasm2js": "bin/wasm2js"
      }
    },
    "node_modules/json-as": {
      "resolved": "../../../as-json",
      "link": true
    },
    "node_modules/long": {
      "version": "5.2.3",
      "resolved": "https://registry.npmjs.org/long/-/long-5.2.3.tgz",
      "integrity": "sha512-lcHwpNoggQTObv5apGNCTdJrO69eHOZMi4BNC+rTLER8iHAqGrUVeLh/irVIM7zTw2bOXA8T6uNPeujwOLg/2Q==",
      "dev": true
    },
    "node_modules/wasmx-ava-snowman": {
      "resolved": "../wasmx-ava-snowman",
      "link": true
    },
    "node_modules/wasmx-blocks": {
      "resolved": "../wasmx-blocks",
      "link": true
    },
    "node_modules/wasmx-consensus": {
      "resolved": "../wasmx-consensus",
      "link": true
    },
    "node_modules/wasmx-consensus-utils": {
      "resolved": "../wasmx-consensus-utils",
      "link": true
    },
    "node_modules/wasmx-env": {
      "resolved": "../wasmx-env",
      "link": true
    },
    "node_modules/wasmx-p2p": {
      "resolved": "../wasmx-p2p",
      "link": true
    },
    "node_modules/wasmx-stake": {
      "resolved": "../wasmx-stake",
      "link": true
    },
    "node_modules/wasmx-utils": {
      "resolved": "../wasmx-utils",
      "link": true
    },
    "node_modules/xstate-fsm-as": {
      "resolved": "../xstate-fsm-as",
      "link": true
    }
  },
  "dependencies": {
    "as-base64": {
      "version": "0.2.0",
      "resolved": "https://registry.npmjs.org/as-base64/-/as-base64-0.2.0.tgz",
      "integrity": "sha512-j6JxprAVN4SXUcZiSChuMBf0JJOCdh5OfrHAepluxmFWuDZZm+YjmfNSk8djUHRPEB+Ui5HGvrz46GLvTJf3ig=="
    },
    "assemblyscript": {
      "version": "0.27.24",
      "resolved": "https://registry.npmjs.org/assemblyscript/-/assemblyscript-0.27.24.tgz",
      "integrity": "sha512-TWQVwAqBJ3akkeDhUnknQbQietiEKSw5kAIiGTqoJFGiHTDeB9LdMDhZLnashxrJuG4jR/p57DhzN8biyC1/gg==",
      "dev": true,
      "requires": {
        "binaryen": "116.0.0-nightly.20240114",
        "long": "^5.2.1"
      }
    },
    "binaryen": {
      "version": "116.0.0-nightly.20240114",
      "resolved": "https://registry.npmjs.org/binaryen/-/binaryen-116.0.0-nightly.20240114.tgz",
      "integrity": "sha512-0GZrojJnuhoe+hiwji7QFaL3tBlJoA+KFUN7ouYSDGZLSo9CKM8swQX8n/UcbR0d1VuZKU+nhogNzv423JEu5A==",
      "dev": true
    },
    "json-as": {
      "version": "file:../../../as-json",
      "requires": {
        "@assemblyscript/wasi-shim": "^0.1.0",
        "@types/node": "^22.13.10",
        "assemblyscript": "^0.27.35",
        "assemblyscript-prettier": "^3.0.1",
        "prettier": "^3.5.3",
        "tsx": "^4.19.3",
        "typescript": "^5.8.2"
      }
    },
    "long": {
      "version": "5.2.3",
      "resolved": "https://registry.npmjs.org/long/-/long-5.2.3.tgz",
      "integrity": "sha512-lcHwpNoggQTObv5apGNCTdJrO69eHOZMi4BNC+rTLER8iHAqGrUVeLh/irVIM7zTw2bOXA8T6uNPeujwOLg/2Q==",
      "dev": true
    },
    "wasmx-ava-snowman": {
      "version": "file:../wasmx-ava-snowman",
      "requires": {
        "as-base64": "^0.2.0",
        "assemblyscript": "^0.27.23",
        "json-as": "file:../../../as-json",
        "visitor-as": "^0.11.4",
        "wasmx-blocks": "file:../wasmx-blocks",
        "wasmx-consensus": "file:../wasmx-consensus",
        "wasmx-consensus-utils": "file:../wasmx-consensus-utils",
        "wasmx-env": "file:../wasmx-env",
        "wasmx-env-core": "file:../wasmx-env-core",
        "wasmx-stake": "file:../wasmx-stake",
        "wasmx-utils": "file:../wasmx-utils",
        "xstate-fsm-as": "file:../xstate-fsm-as"
      }
    },
    "wasmx-blocks": {
      "version": "file:../wasmx-blocks",
      "requires": {
        "as-base64": "^0.2.0",
        "assemblyscript": "0.27.36",
        "json-as": "file:../../../as-json",
        "visitor-as": "^0.11.4",
        "wasmx-env": "file:../wasmx-env",
        "wasmx-utils": "file:../wasmx-utils"
      }
    },
    "wasmx-consensus": {
      "version": "file:../wasmx-consensus",
      "requires": {
        "as-base64": "^0.2.0",
        "assemblyscript": "0.27.36",
        "json-as": "file:../../../as-json",
        "visitor-as": "^0.11.4",
        "wasmx-env": "file:../wasmx-env"
      }
    },
    "wasmx-consensus-utils": {
      "version": "file:../wasmx-consensus-utils",
      "requires": {
        "as-base64": "^0.2.0",
        "as-tally": "file:../as-tally",
        "assemblyscript": "^0.27.24",
        "json-as": "file:../../../as-json",
        "visitor-as": "^0.11.4",
        "wasmx-blocks": "file:../wasmx-blocks",
        "wasmx-consensus": "file:../wasmx-consensus",
        "wasmx-env": "file:../wasmx-env",
        "wasmx-stake": "file:../wasmx-stake",
        "wasmx-utils": "file:../wasmx-utils"
      }
    },
    "wasmx-env": {
      "version": "file:../wasmx-env",
      "requires": {
        "as-base64": "^0.2.0",
        "as-tally": "file:../as-tally",
        "assemblyscript": "0.27.36",
        "json-as": "file:../../../as-json",
        "visitor-as": "^0.11.4"
      }
    },
    "wasmx-p2p": {
      "version": "file:../wasmx-p2p",
      "requires": {
        "as-base64": "^0.2.0",
        "assemblyscript": "^0.27.23",
        "json-as": "file:../../../as-json",
        "visitor-as": "^0.11.4",
        "wasmx-env": "file:../wasmx-env",
        "wasmx-utils": "file:../wasmx-utils"
      }
    },
    "wasmx-stake": {
      "version": "file:../wasmx-stake",
      "requires": {
        "as-base64": "^0.2.0",
        "assemblyscript": "0.27.36",
        "json-as": "file:../../../as-json",
        "visitor-as": "^0.11.4",
        "wasmx-bank": "file:../wasmx-bank",
        "wasmx-consensus": "file:../wasmx-consensus",
        "wasmx-derc20": "file:../wasmx-derc20",
        "wasmx-env": "file:../wasmx-env",
        "wasmx-env-core": "file:../wasmx-env-core",
        "wasmx-erc20": "file:../wasmx-erc20",
        "wasmx-utils": "file:../wasmx-utils"
      }
    },
    "wasmx-utils": {
      "version": "file:../wasmx-utils",
      "requires": {
        "as-base64": "^0.2.0",
        "assemblyscript": "0.27.36",
        "json-as": "file:../../../as-json"
      }
    },
    "xstate-fsm-as": {
      "version": "file:../xstate-fsm-as",
      "requires": {
        "as-base64": "^0.2.0",
        "assemblyscript": "^0.27.15",
        "json-as": "file:../../../as-json",
        "visitor-as": "^0.11.4",
        "wasmx-blocks": "file:../wasmx-blocks",
        "wasmx-env": "file:../wasmx-env",
        "wasmx-env-core": "file:../wasmx-env-core",
        "wasmx-utils": "file:../wasmx-utils"
      }
    }
  }
}
