{
  "name": "wasmx-stake",
  "version": "0.0.1",
  "lockfileVersion": 2,
  "requires": true,
  "packages": {
    "": {
      "name": "wasmx-stake",
      "version": "0.0.1",
      "license": "UNLICENSED",
      "dependencies": {
        "as-base64": "^0.2.0",
        "json-as": "file:../../../as-json",
        "wasmx-bank": "file:../wasmx-bank",
        "wasmx-consensus": "file:../wasmx-consensus",
        "wasmx-derc20": "file:../wasmx-derc20",
        "wasmx-env": "file:../wasmx-env",
        "wasmx-env-core": "file:../wasmx-env-core",
        "wasmx-erc20": "file:../wasmx-erc20",
        "wasmx-utils": "file:../wasmx-utils"
      },
      "devDependencies": {
        "assemblyscript": "0.27.36"
      }
    },
    "../../../as-json": {
      "name": "json-as",
      "version": "1.0.4",
      "license": "MIT",
      "devDependencies": {
        "@assemblyscript/wasi-shim": "^0.1.0",
        "@types/node": "^22.13.10",
        "assemblyscript": "^0.27.35",
        "assemblyscript-prettier": "^3.0.1",
        "prettier": "^3.5.3",
        "tsx": "^4.19.3",
        "typescript": "^5.8.2"
      }
    },
    "../wasmx-bank": {
      "version": "0.0.1",
      "license": "UNLICENSED",
      "dependencies": {
        "as-base64": "^0.2.0",
        "json-as": "file:../../../as-json",
        "wasmx-auth": "file:../wasmx-auth",
        "wasmx-env": "file:../wasmx-env",
        "wasmx-erc20": "file:../wasmx-erc20",
        "wasmx-utils": "file:../wasmx-utils"
      },
      "devDependencies": {
        "assemblyscript": "0.27.36"
      }
    },
    "../wasmx-consensus": {
      "version": "0.0.1",
      "license": "UNLICENSED",
      "dependencies": {
        "as-base64": "^0.2.0",
        "json-as": "file:../../../as-json",
        "wasmx-env": "file:../wasmx-env"
      },
      "devDependencies": {
        "assemblyscript": "0.27.36"
      }
    },
    "../wasmx-derc20": {
      "version": "0.0.1",
      "license": "UNLICENSED",
      "dependencies": {
        "as-base64": "^0.2.0",
        "json-as": "file:../../../as-json",
        "wasmx-bank": "file:../wasmx-bank",
        "wasmx-env": "file:../wasmx-env",
        "wasmx-erc20": "file:../wasmx-erc20",
        "wasmx-stake": "file:../wasmx-stake",
        "wasmx-utils": "file:../wasmx-utils"
      },
      "devDependencies": {
        "assemblyscript": "^0.27.23"
      }
    },
    "../wasmx-env": {
      "version": "0.0.1",
      "license": "UNLICENSED",
      "dependencies": {
        "as-base64": "^0.2.0",
        "as-tally": "file:../as-tally",
        "json-as": "file:../../../as-json"
      },
      "devDependencies": {
        "assemblyscript": "0.27.36"
      }
    },
    "../wasmx-env-core": {
      "version": "0.0.1",
      "license": "UNLICENSED",
      "dependencies": {
        "as-base64": "^0.2.0",
        "as-tally": "file:../as-tally",
        "json-as": "file:../../../as-json",
        "wasmx-env": "file:../wasmx-env"
      },
      "devDependencies": {
        "assemblyscript": "^0.27.31"
      }
    },
    "../wasmx-erc20": {
      "version": "0.0.1",
      "license": "UNLICENSED",
      "dependencies": {
        "as-base64": "^0.2.0",
        "json-as": "file:../../../as-json",
        "wasmx-env": "file:../wasmx-env",
        "wasmx-utils": "file:../wasmx-utils"
      },
      "devDependencies": {
        "assemblyscript": "^0.27.23"
      }
    },
    "../wasmx-utils": {
      "version": "0.0.1",
      "license": "UNLICENSED",
      "dependencies": {
        "as-base64": "^0.2.0",
        "json-as": "file:../../../as-json"
      },
      "devDependencies": {
        "assemblyscript": "0.27.36"
      }
    },
    "node_modules/as-base64": {
      "version": "0.2.0",
      "resolved": "https://registry.npmjs.org/as-base64/-/as-base64-0.2.0.tgz",
      "integrity": "sha512-j6JxprAVN4SXUcZiSChuMBf0JJOCdh5OfrHAepluxmFWuDZZm+YjmfNSk8djUHRPEB+Ui5HGvrz46GLvTJf3ig=="
    },
    "node_modules/assemblyscript": {
      "version": "0.27.36",
      "resolved": "https://registry.npmjs.org/assemblyscript/-/assemblyscript-0.27.36.tgz",
      "integrity": "sha512-1qX2zf6p7l/mNYv8r21jC/Yft7kX7XKR3xUHw41zvV4xad5lyC8w7jZiwZBGoy64VKZLc+bTDJDWi8Kb70YrHA==",
      "dev": true,
      "license": "Apache-2.0",
      "dependencies": {
        "binaryen": "116.0.0-nightly.20240114",
        "long": "^5.2.4"
      },
      "bin": {
        "asc": "bin/asc.js",
        "asinit": "bin/asinit.js"
      },
      "engines": {
        "node": ">=18",
        "npm": ">=10"
      },
      "funding": {
        "type": "opencollective",
        "url": "https://opencollective.com/assemblyscript"
      }
    },
    "node_modules/binaryen": {
      "version": "116.0.0-nightly.20240114",
      "resolved": "https://registry.npmjs.org/binaryen/-/binaryen-116.0.0-nightly.20240114.tgz",
      "integrity": "sha512-0GZrojJnuhoe+hiwji7QFaL3tBlJoA+KFUN7ouYSDGZLSo9CKM8swQX8n/UcbR0d1VuZKU+nhogNzv423JEu5A==",
      "dev": true,
      "license": "Apache-2.0",
      "bin": {
        "wasm-opt": "bin/wasm-opt",
        "wasm2js": "bin/wasm2js"
      }
    },
    "node_modules/json-as": {
      "resolved": "../../../as-json",
      "link": true
    },
    "node_modules/long": {
      "version": "5.3.2",
      "resolved": "https://registry.npmjs.org/long/-/long-5.3.2.tgz",
      "integrity": "sha512-mNAgZ1GmyNhD7AuqnTG3/VQ26o760+ZYBPKjPvugO8+nLbYfX6TVpJPseBvopbdY+qpZ/lKUnmEc1LeZYS3QAA==",
      "dev": true,
      "license": "Apache-2.0"
    },
    "node_modules/wasmx-bank": {
      "resolved": "../wasmx-bank",
      "link": true
    },
    "node_modules/wasmx-consensus": {
      "resolved": "../wasmx-consensus",
      "link": true
    },
    "node_modules/wasmx-derc20": {
      "resolved": "../wasmx-derc20",
      "link": true
    },
    "node_modules/wasmx-env": {
      "resolved": "../wasmx-env",
      "link": true
    },
    "node_modules/wasmx-env-core": {
      "resolved": "../wasmx-env-core",
      "link": true
    },
    "node_modules/wasmx-erc20": {
      "resolved": "../wasmx-erc20",
      "link": true
    },
    "node_modules/wasmx-utils": {
      "resolved": "../wasmx-utils",
      "link": true
    }
  },
  "dependencies": {
    "as-base64": {
      "version": "0.2.0",
      "resolved": "https://registry.npmjs.org/as-base64/-/as-base64-0.2.0.tgz",
      "integrity": "sha512-j6JxprAVN4SXUcZiSChuMBf0JJOCdh5OfrHAepluxmFWuDZZm+YjmfNSk8djUHRPEB+Ui5HGvrz46GLvTJf3ig=="
    },
    "assemblyscript": {
      "version": "0.27.36",
      "resolved": "https://registry.npmjs.org/assemblyscript/-/assemblyscript-0.27.36.tgz",
      "integrity": "sha512-1qX2zf6p7l/mNYv8r21jC/Yft7kX7XKR3xUHw41zvV4xad5lyC8w7jZiwZBGoy64VKZLc+bTDJDWi8Kb70YrHA==",
      "dev": true,
      "requires": {
        "binaryen": "116.0.0-nightly.20240114",
        "long": "^5.2.4"
      }
    },
    "binaryen": {
      "version": "116.0.0-nightly.20240114",
      "resolved": "https://registry.npmjs.org/binaryen/-/binaryen-116.0.0-nightly.20240114.tgz",
      "integrity": "sha512-0GZrojJnuhoe+hiwji7QFaL3tBlJoA+KFUN7ouYSDGZLSo9CKM8swQX8n/UcbR0d1VuZKU+nhogNzv423JEu5A==",
      "dev": true
    },
    "json-as": {
      "version": "file:../../../as-json",
      "requires": {
        "@assemblyscript/wasi-shim": "^0.1.0",
        "@types/node": "^22.13.10",
        "assemblyscript": "^0.27.35",
        "assemblyscript-prettier": "^3.0.1",
        "prettier": "^3.5.3",
        "tsx": "^4.19.3",
        "typescript": "^5.8.2"
      }
    },
    "long": {
      "version": "5.3.2",
      "resolved": "https://registry.npmjs.org/long/-/long-5.3.2.tgz",
      "integrity": "sha512-mNAgZ1GmyNhD7AuqnTG3/VQ26o760+ZYBPKjPvugO8+nLbYfX6TVpJPseBvopbdY+qpZ/lKUnmEc1LeZYS3QAA==",
      "dev": true
    },
    "wasmx-bank": {
      "version": "file:../wasmx-bank",
      "requires": {
        "as-base64": "^0.2.0",
        "assemblyscript": "0.27.36",
        "json-as": "file:../../../as-json",
        "wasmx-auth": "file:../wasmx-auth",
        "wasmx-env": "file:../wasmx-env",
        "wasmx-erc20": "file:../wasmx-erc20",
        "wasmx-utils": "file:../wasmx-utils"
      }
    },
    "wasmx-consensus": {
      "version": "file:../wasmx-consensus",
      "requires": {
        "as-base64": "^0.2.0",
        "assemblyscript": "0.27.36",
        "json-as": "file:../../../as-json",
        "wasmx-env": "file:../wasmx-env"
      }
    },
    "wasmx-derc20": {
      "version": "file:../wasmx-derc20",
      "requires": {
        "as-base64": "^0.2.0",
        "assemblyscript": "^0.27.23",
        "json-as": "file:../../../as-json",
        "wasmx-bank": "file:../wasmx-bank",
        "wasmx-env": "file:../wasmx-env",
        "wasmx-erc20": "file:../wasmx-erc20",
        "wasmx-stake": "file:../wasmx-stake",
        "wasmx-utils": "file:../wasmx-utils"
      }
    },
    "wasmx-env": {
      "version": "file:../wasmx-env",
      "requires": {
        "as-base64": "^0.2.0",
        "as-tally": "file:../as-tally",
        "assemblyscript": "0.27.36",
        "json-as": "file:../../../as-json"
      }
    },
    "wasmx-env-core": {
      "version": "file:../wasmx-env-core",
      "requires": {
        "as-base64": "^0.2.0",
        "as-tally": "file:../as-tally",
        "assemblyscript": "^0.27.31",
        "json-as": "file:../../../as-json",
        "wasmx-env": "file:../wasmx-env"
      }
    },
    "wasmx-erc20": {
      "version": "file:../wasmx-erc20",
      "requires": {
        "as-base64": "^0.2.0",
        "assemblyscript": "^0.27.23",
        "json-as": "file:../../../as-json",
        "wasmx-env": "file:../wasmx-env",
        "wasmx-utils": "file:../wasmx-utils"
      }
    },
    "wasmx-utils": {
      "version": "file:../wasmx-utils",
      "requires": {
        "as-base64": "^0.2.0",
        "assemblyscript": "0.27.36",
        "json-as": "file:../../../as-json"
      }
    }
  }
}
