{
  "name": "wasmx-level0-ondemand",
  "version": "0.0.1",
  "lockfileVersion": 3,
  "requires": true,
  "packages": {
    "": {
      "name": "wasmx-level0-ondemand",
      "version": "0.0.1",
      "license": "UNLICENSED",
      "dependencies": {
        "@ark-us/as-sha256": "0.4.1-alpha.2",
        "as-base64": "^0.2.0",
        "json-as": "file:../../../as-json",
        "visitor-as": "^0.11.4",
        "wasmx-consensus": "file:../wasmx-consensus",
        "wasmx-env": "file:../wasmx-env",
        "wasmx-level0": "file:../wasmx-level0",
        "wasmx-stake": "file:../wasmx-stake",
        "wasmx-tendermint": "file:../wasmx-tendermint",
        "wasmx-tendermint-p2p": "file:../wasmx-tendermint-p2p",
        "wasmx-time": "file:../wasmx-time",
        "wasmx-utils": "file:../wasmx-utils",
        "xstate-fsm-as": "file:../xstate-fsm-as"
      },
      "devDependencies": {
        "assemblyscript": "^0.27.30"
      }
    },
    "../../../as-json": {
      "version": "0.7.2",
      "license": "MIT",
      "dependencies": {
        "as-string-sink": "^0.5.3",
        "as-tally": "file:../wasmx-as-contracts/packages/as-tally",
        "as-variant": "^0.4.1",
        "as-virtual": "^0.1.9"
      },
      "devDependencies": {
        "@as-pect/cli": "^8.1.0",
        "@as-tral/cli": "^3.0.2",
        "@assemblyscript/wasi-shim": "^0.1.0",
        "as-bench": "^0.0.0-alpha",
        "assemblyscript": "^0.27.22",
        "assemblyscript-prettier": "^3.0.1",
        "benchmark": "^2.1.4",
        "kati": "^0.6.2",
        "microtime": "^3.1.1",
        "prettier": "^3.1.1",
        "tinybench": "^2.5.1",
        "typescript": "^5.3.3",
        "visitor-as": "^0.11.4"
      }
    },
    "../wasmx-consensus": {
      "version": "0.0.1",
      "license": "UNLICENSED",
      "dependencies": {
        "as-base64": "^0.2.0",
        "json-as": "file:../../../as-json",
        "visitor-as": "^0.11.4",
        "wasmx-env": "file:../wasmx-env"
      },
      "devDependencies": {
        "assemblyscript": "^0.27.22"
      }
    },
    "../wasmx-env": {
      "version": "0.0.1",
      "license": "UNLICENSED",
      "dependencies": {
        "as-base64": "^0.2.0",
        "as-tally": "file:../as-tally",
        "json-as": "file:../../../as-json",
        "visitor-as": "^0.11.4"
      },
      "devDependencies": {
        "assemblyscript": "^0.27.22"
      }
    },
    "../wasmx-level0": {
      "version": "0.0.1",
      "license": "UNLICENSED",
      "dependencies": {
        "@ark-us/as-sha256": "0.4.1-alpha.2",
        "as-base64": "^0.2.0",
        "json-as": "file:../../../as-json",
        "visitor-as": "^0.11.4",
        "wasmx-consensus": "file:../wasmx-consensus",
        "wasmx-env": "file:../wasmx-env",
        "wasmx-stake": "file:../wasmx-stake",
        "wasmx-tendermint": "file:../wasmx-tendermint",
        "wasmx-tendermint-p2p": "file:../wasmx-tendermint-p2p",
        "wasmx-time": "file:../wasmx-time",
        "wasmx-utils": "file:../wasmx-utils",
        "xstate-fsm-as": "file:../xstate-fsm-as"
      },
      "devDependencies": {
        "assemblyscript": "^0.27.26"
      }
    },
    "../wasmx-stake": {
      "version": "0.0.1",
      "license": "UNLICENSED",
      "dependencies": {
        "as-base64": "^0.2.0",
        "json-as": "file:../../../as-json",
        "visitor-as": "^0.11.4",
        "wasmx-bank": "file:../wasmx-bank",
        "wasmx-consensus": "file:../wasmx-consensus",
        "wasmx-derc20": "file:../wasmx-derc20",
        "wasmx-env": "file:../wasmx-env",
        "wasmx-erc20": "file:../wasmx-erc20",
        "wasmx-utils": "file:../wasmx-utils"
      },
      "devDependencies": {
        "assemblyscript": "^0.27.22"
      }
    },
    "../wasmx-tendermint": {
      "version": "0.0.1",
      "license": "UNLICENSED",
      "dependencies": {
        "as-base64": "^0.2.0",
        "as-tally": "file:../as-tally",
        "json-as": "file:../../../as-json",
        "visitor-as": "^0.11.4",
        "wasmx-blocks": "file:../wasmx-blocks",
        "wasmx-consensus": "file:../wasmx-consensus",
        "wasmx-consensus-utils": "file:../wasmx-consensus-utils",
        "wasmx-env": "file:../wasmx-env",
        "wasmx-p2p": "file:../wasmx-p2p",
        "wasmx-raft": "file:../wasmx-raft",
        "wasmx-stake": "file:../wasmx-stake",
        "wasmx-utils": "file:../wasmx-utils",
        "xstate-fsm-as": "file:../xstate-fsm-as"
      },
      "devDependencies": {
        "assemblyscript": "^0.27.22"
      }
    },
    "../wasmx-tendermint-p2p": {
      "version": "0.0.1",
      "license": "UNLICENSED",
      "dependencies": {
        "as-base64": "^0.2.0",
        "json-as": "file:../../../as-json",
        "visitor-as": "^0.11.4",
        "wasmx-auth": "file:../wasmx-auth",
        "wasmx-blocks": "file:../wasmx-blocks",
        "wasmx-consensus": "file:../wasmx-consensus",
        "wasmx-consensus-utils": "file:../wasmx-consensus-utils",
        "wasmx-env": "file:../wasmx-env",
        "wasmx-multichain-registry": "file:../wasmx-multichain-registry",
        "wasmx-multichain-registry-local": "file:../wasmx-multichain-registry-local",
        "wasmx-p2p": "file:../wasmx-p2p",
        "wasmx-raft": "file:../wasmx-raft",
        "wasmx-raft-p2p": "file:../wasmx-raft-p2p",
        "wasmx-stake": "file:../wasmx-stake",
        "wasmx-tendermint": "file:../wasmx-tendermint",
        "wasmx-utils": "file:../wasmx-utils",
        "xstate-fsm-as": "file:../xstate-fsm-as"
      },
      "devDependencies": {
        "assemblyscript": "^0.27.24"
      }
    },
    "../wasmx-time": {
      "version": "0.0.1",
      "license": "UNLICENSED",
      "dependencies": {
        "@ark-us/as-sha256": "0.4.1-alpha.2",
        "as-base64": "^0.2.0",
        "json-as": "file:../../../as-json",
        "visitor-as": "^0.11.4",
        "wasmx-env": "file:../wasmx-env",
        "wasmx-utils": "file:../wasmx-utils"
      },
      "devDependencies": {
        "assemblyscript": "^0.27.26"
      }
    },
    "../wasmx-utils": {
      "version": "0.0.1",
      "license": "UNLICENSED",
      "dependencies": {
        "as-base64": "^0.2.0",
        "json-as": "file:../../../as-json",
        "visitor-as": "^0.11.4"
      },
      "devDependencies": {
        "assemblyscript": "^0.27.22"
      }
    },
    "../xstate-fsm-as": {
      "version": "1.0.0",
      "license": "UNLICENSED",
      "dependencies": {
        "as-base64": "^0.2.0",
        "json-as": "file:../../../as-json",
        "visitor-as": "^0.11.4",
        "wasmx-blocks": "file:../wasmx-blocks",
        "wasmx-env": "file:../wasmx-env",
        "wasmx-utils": "file:../wasmx-utils"
      },
      "devDependencies": {
        "assemblyscript": "^0.27.15"
      }
    },
    "node_modules/@ark-us/as-sha256": {
      "version": "0.4.1-alpha.2",
      "resolved": "https://registry.npmjs.org/@ark-us/as-sha256/-/as-sha256-0.4.1-alpha.2.tgz",
      "integrity": "sha512-n6jPIA1efLZMmd8+e7OQ4INrMqWBJm0UftvBG9di6+bKbMWmrGtgkqi3yHIEA3FKRufWh5fp8+BcjqgYj+G4SA=="
    },
    "node_modules/as-base64": {
      "version": "0.2.0",
      "resolved": "https://registry.npmjs.org/as-base64/-/as-base64-0.2.0.tgz",
      "integrity": "sha512-j6JxprAVN4SXUcZiSChuMBf0JJOCdh5OfrHAepluxmFWuDZZm+YjmfNSk8djUHRPEB+Ui5HGvrz46GLvTJf3ig=="
    },
    "node_modules/assemblyscript": {
      "version": "0.27.30",
      "resolved": "https://registry.npmjs.org/assemblyscript/-/assemblyscript-0.27.30.tgz",
      "integrity": "sha512-tSlwbLEDM1X+w/6/Y2psc3sEg9/7r+m7xv44G6FI2G/w1MNnnulLxcPo7FN0kVIBoD/oxCiRFGaQAanFY0gPhA==",
      "dev": true,
      "dependencies": {
        "binaryen": "116.0.0-nightly.20240114",
        "long": "^5.2.1"
      },
      "bin": {
        "asc": "bin/asc.js",
        "asinit": "bin/asinit.js"
      },
      "engines": {
        "node": ">=16",
        "npm": ">=7"
      },
      "funding": {
        "type": "opencollective",
        "url": "https://opencollective.com/assemblyscript"
      }
    },
    "node_modules/binaryen": {
      "version": "116.0.0-nightly.20240114",
      "resolved": "https://registry.npmjs.org/binaryen/-/binaryen-116.0.0-nightly.20240114.tgz",
      "integrity": "sha512-0GZrojJnuhoe+hiwji7QFaL3tBlJoA+KFUN7ouYSDGZLSo9CKM8swQX8n/UcbR0d1VuZKU+nhogNzv423JEu5A==",
      "dev": true,
      "bin": {
        "wasm-opt": "bin/wasm-opt",
        "wasm2js": "bin/wasm2js"
      }
    },
    "node_modules/json-as": {
      "resolved": "../../../as-json",
      "link": true
    },
    "node_modules/lodash.clonedeep": {
      "version": "4.5.0",
      "resolved": "https://registry.npmjs.org/lodash.clonedeep/-/lodash.clonedeep-4.5.0.tgz",
      "integrity": "sha512-H5ZhCF25riFd9uB5UCkVKo61m3S/xZk1x4wA6yp/L3RFP6Z/eHH1ymQcGLo7J3GMPfm0V/7m1tryHuGVxpqEBQ=="
    },
    "node_modules/long": {
      "version": "5.2.3",
      "resolved": "https://registry.npmjs.org/long/-/long-5.2.3.tgz",
      "integrity": "sha512-lcHwpNoggQTObv5apGNCTdJrO69eHOZMi4BNC+rTLER8iHAqGrUVeLh/irVIM7zTw2bOXA8T6uNPeujwOLg/2Q==",
      "dev": true
    },
    "node_modules/ts-mixer": {
      "version": "6.0.4",
      "resolved": "https://registry.npmjs.org/ts-mixer/-/ts-mixer-6.0.4.tgz",
      "integrity": "sha512-ufKpbmrugz5Aou4wcr5Wc1UUFWOLhq+Fm6qa6P0w0K5Qw2yhaUoiWszhCVuNQyNwrlGiscHOmqYoAox1PtvgjA=="
    },
    "node_modules/visitor-as": {
      "version": "0.11.4",
      "resolved": "https://registry.npmjs.org/visitor-as/-/visitor-as-0.11.4.tgz",
      "integrity": "sha512-uih7AooY2V3LhzobjLqyEQzhYYBGeq0y/rZk295foM1Ko498f24NNXBDyM1SgzcLMFCAT/fpmSRco1BpTIdKNQ==",
      "dependencies": {
        "lodash.clonedeep": "^4.5.0",
        "ts-mixer": "^6.0.2"
      },
      "peerDependencies": {
        "assemblyscript": "^0.25.0"
      }
    },
    "node_modules/wasmx-consensus": {
      "resolved": "../wasmx-consensus",
      "link": true
    },
    "node_modules/wasmx-env": {
      "resolved": "../wasmx-env",
      "link": true
    },
    "node_modules/wasmx-level0": {
      "resolved": "../wasmx-level0",
      "link": true
    },
    "node_modules/wasmx-stake": {
      "resolved": "../wasmx-stake",
      "link": true
    },
    "node_modules/wasmx-tendermint": {
      "resolved": "../wasmx-tendermint",
      "link": true
    },
    "node_modules/wasmx-tendermint-p2p": {
      "resolved": "../wasmx-tendermint-p2p",
      "link": true
    },
    "node_modules/wasmx-time": {
      "resolved": "../wasmx-time",
      "link": true
    },
    "node_modules/wasmx-utils": {
      "resolved": "../wasmx-utils",
      "link": true
    },
    "node_modules/xstate-fsm-as": {
      "resolved": "../xstate-fsm-as",
      "link": true
    }
  }
}
