{
  "name": "@ark-us/wasmx-as-evm-interpreter",
  "version": "0.0.1",
  "lockfileVersion": 2,
  "requires": true,
  "packages": {
    "": {
      "name": "@ark-us/wasmx-as-evm-interpreter",
      "version": "0.0.1",
      "license": "UNLICENSED",
      "dependencies": {
        "as-tally": "file:../as-tally",
        "json-as": "^1.0.4"
      },
      "devDependencies": {
        "assemblyscript": "^0.25.0",
        "wasmx": "file:tests/wasmx"
      }
    },
    "../../../as-bigint": {
      "version": "0.5.3",
      "extraneous": true,
      "license": "MIT",
      "devDependencies": {
        "@as-pect/cli": "6.2.4",
        "@typescript-eslint/eslint-plugin": "4.11.1",
        "@typescript-eslint/parser": "4.11.1",
        "assemblyscript": "0.19.20",
        "eslint": "7.16.0",
        "eslint-config-prettier": "7.1.0",
        "eslint-plugin-import": "2.22.1",
        "eslint-plugin-prettier": "3.3.0",
        "prettier": "2.2.1",
        "rimraf": "3.0.2",
        "typescript": "^4.0.7"
      }
    },
    "../../../as-json": {
      "name": "json-as",
      "version": "1.0.4",
      "license": "MIT",
      "devDependencies": {
        "@assemblyscript/wasi-shim": "^0.1.0",
        "@types/node": "^22.13.10",
        "assemblyscript": "^0.27.35",
        "assemblyscript-prettier": "^3.0.1",
        "prettier": "^3.5.3",
        "tsx": "^4.19.3",
        "typescript": "^5.8.2"
      }
    },
    "../as-tally": {
      "version": "0.0.1",
      "license": "UNLICENSED",
      "devDependencies": {
        "assemblyscript": "0.27.36",
        "json-as": "^1.0.4"
      }
    },
    "../tally": {
      "version": "0.0.1",
      "extraneous": true,
      "license": "GPL-3.0-or-later",
      "devDependencies": {
        "assemblyscript": "^0.27.5"
      }
    },
    "../tests/wasmx": {
      "extraneous": true
    },
    "node_modules/as-tally": {
      "resolved": "../as-tally",
      "link": true
    },
    "node_modules/assemblyscript": {
      "version": "0.25.2",
      "resolved": "https://registry.npmjs.org/assemblyscript/-/assemblyscript-0.25.2.tgz",
      "integrity": "sha512-67TQOMvKo23htvSK6lhOzsoQjnplNKkdwgq925uBvQZLDbg9pHfAWhg/R8i8tqKrtk6GH8haOJbQY4oNSQqehA==",
      "dev": true,
      "license": "Apache-2.0",
      "dependencies": {
        "binaryen": "110.0.0-nightly.20221105",
        "long": "^5.2.0"
      },
      "bin": {
        "asc": "bin/asc.js",
        "asinit": "bin/asinit.js"
      },
      "engines": {
        "node": ">=16.0.0",
        "npm": ">=7.0.0"
      },
      "funding": {
        "type": "opencollective",
        "url": "https://opencollective.com/assemblyscript"
      }
    },
    "node_modules/binaryen": {
      "version": "110.0.0-nightly.20221105",
      "resolved": "https://registry.npmjs.org/binaryen/-/binaryen-110.0.0-nightly.20221105.tgz",
      "integrity": "sha512-OBESOc51q3SwgG8Uv8nMzGnSq7LJpSB/Fu8B3AjlZg6YtCEwRnlDWlnwNB6mdql+VdexfKmNcsrs4K7MYidmdQ==",
      "dev": true,
      "license": "Apache-2.0",
      "bin": {
        "wasm-opt": "bin/wasm-opt",
        "wasm2js": "bin/wasm2js"
      }
    },
    "node_modules/json-as": {
      "resolved": "../../../as-json",
      "link": true
    },
    "node_modules/long": {
      "version": "5.3.2",
      "resolved": "https://registry.npmjs.org/long/-/long-5.3.2.tgz",
      "integrity": "sha512-mNAgZ1GmyNhD7AuqnTG3/VQ26o760+ZYBPKjPvugO8+nLbYfX6TVpJPseBvopbdY+qpZ/lKUnmEc1LeZYS3QAA==",
      "dev": true,
      "license": "Apache-2.0"
    },
    "node_modules/wasmx": {
      "resolved": "tests/wasmx",
      "link": true
    },
    "tests/wasmx": {
      "version": "0.0.1",
      "dev": true,
      "license": "GPL-3.0-or-later"
    }
  },
  "dependencies": {
    "as-tally": {
      "version": "file:../as-tally",
      "requires": {
        "assemblyscript": "0.27.36",
        "json-as": "^1.0.4"
      }
    },
    "assemblyscript": {
      "version": "0.25.2",
      "resolved": "https://registry.npmjs.org/assemblyscript/-/assemblyscript-0.25.2.tgz",
      "integrity": "sha512-67TQOMvKo23htvSK6lhOzsoQjnplNKkdwgq925uBvQZLDbg9pHfAWhg/R8i8tqKrtk6GH8haOJbQY4oNSQqehA==",
      "dev": true,
      "requires": {
        "binaryen": "110.0.0-nightly.20221105",
        "long": "^5.2.0"
      }
    },
    "binaryen": {
      "version": "110.0.0-nightly.20221105",
      "resolved": "https://registry.npmjs.org/binaryen/-/binaryen-110.0.0-nightly.20221105.tgz",
      "integrity": "sha512-OBESOc51q3SwgG8Uv8nMzGnSq7LJpSB/Fu8B3AjlZg6YtCEwRnlDWlnwNB6mdql+VdexfKmNcsrs4K7MYidmdQ==",
      "dev": true
    },
    "json-as": {
      "version": "file:../../../json-as",
      "requires": {
        "@assemblyscript/wasi-shim": "^0.1.0",
        "@types/node": "^22.13.10",
        "assemblyscript": "^0.27.35",
        "assemblyscript-prettier": "^3.0.1",
        "prettier": "^3.5.3",
        "tsx": "^4.19.3",
        "typescript": "^5.8.2"
      }
    },
    "long": {
      "version": "5.3.2",
      "resolved": "https://registry.npmjs.org/long/-/long-5.3.2.tgz",
      "integrity": "sha512-mNAgZ1GmyNhD7AuqnTG3/VQ26o760+ZYBPKjPvugO8+nLbYfX6TVpJPseBvopbdY+qpZ/lKUnmEc1LeZYS3QAA==",
      "dev": true
    },
    "wasmx": {
      "version": "file:tests/wasmx"
    }
  }
}
