{
  "name": "wasmx-ava-snowman",
  "version": "0.0.1",
  "lockfileVersion": 2,
  "requires": true,
  "packages": {
    "": {
      "name": "wasmx-ava-snowman",
      "version": "0.0.1",
      "license": "UNLICENSED",
      "dependencies": {
        "as-base64": "^0.2.0",
        "json-as": "file:../../../as-json",
        "visitor-as": "^0.11.4",
        "wasmx-blocks": "file:../wasmx-blocks",
        "wasmx-consensus": "file:../wasmx-consensus",
        "wasmx-consensus-utils": "file:../wasmx-consensus-utils",
        "wasmx-env": "file:../wasmx-env",
        "wasmx-env-core": "file:../wasmx-env-core",
        "wasmx-stake": "file:../wasmx-stake",
        "wasmx-utils": "file:../wasmx-utils",
        "xstate-fsm-as": "file:../xstate-fsm-as"
      },
      "devDependencies": {
        "assemblyscript": "^0.27.23"
      }
    },
    "../../../as-json": {
      "name": "json-as",
      "version": "0.7.2",
      "license": "MIT",
      "dependencies": {
        "as-string-sink": "^0.5.3",
        "as-tally": "file:../wasmx-as-contracts/packages/as-tally",
        "as-variant": "^0.4.1",
        "as-virtual": "^0.1.9"
      },
      "devDependencies": {
        "@as-pect/cli": "^8.1.0",
        "@as-tral/cli": "^3.0.2",
        "@assemblyscript/wasi-shim": "^0.1.0",
        "as-bench": "^0.0.0-alpha",
        "assemblyscript": "^0.27.22",
        "assemblyscript-prettier": "^3.0.1",
        "benchmark": "^2.1.4",
        "kati": "^0.6.2",
        "microtime": "^3.1.1",
        "prettier": "^3.1.1",
        "tinybench": "^2.5.1",
        "typescript": "^5.3.3",
        "visitor-as": "^0.11.4"
      }
    },
    "../wasmx-blocks": {
      "version": "0.0.1",
      "license": "UNLICENSED",
      "dependencies": {
        "as-base64": "^0.2.0",
        "json-as": "file:../../../as-json",
        "visitor-as": "^0.11.4",
        "wasmx-env": "file:../wasmx-env",
        "wasmx-utils": "file:../wasmx-utils"
      },
      "devDependencies": {
        "assemblyscript": "^0.27.22"
      }
    },
    "../wasmx-consensus": {
      "version": "0.0.1",
      "license": "UNLICENSED",
      "dependencies": {
        "as-base64": "^0.2.0",
        "json-as": "file:../../../as-json",
        "visitor-as": "^0.11.4",
        "wasmx-env": "file:../wasmx-env"
      },
      "devDependencies": {
        "assemblyscript": "^0.27.22"
      }
    },
    "../wasmx-consensus-utils": {
      "version": "0.0.1",
      "license": "UNLICENSED",
      "dependencies": {
        "as-base64": "^0.2.0",
        "as-tally": "file:../as-tally",
        "json-as": "file:../../../as-json",
        "visitor-as": "^0.11.4",
        "wasmx-blocks": "file:../wasmx-blocks",
        "wasmx-consensus": "file:../wasmx-consensus",
        "wasmx-env": "file:../wasmx-env",
        "wasmx-stake": "file:../wasmx-stake",
        "wasmx-utils": "file:../wasmx-utils"
      },
      "devDependencies": {
        "assemblyscript": "^0.27.24"
      }
    },
    "../wasmx-core-env": {
      "extraneous": true
    },
    "../wasmx-env": {
      "version": "0.0.1",
      "license": "UNLICENSED",
      "dependencies": {
        "as-base64": "^0.2.0",
        "as-tally": "file:../as-tally",
        "json-as": "file:../../../as-json",
        "visitor-as": "^0.11.4"
      },
      "devDependencies": {
        "assemblyscript": "^0.27.22"
      }
    },
    "../wasmx-env-core": {
      "version": "0.0.1",
      "license": "UNLICENSED",
      "dependencies": {
        "as-base64": "^0.2.0",
        "as-tally": "file:../as-tally",
        "json-as": "file:../../../as-json",
        "visitor-as": "^0.11.4",
        "wasmx-env": "file:../wasmx-env"
      },
      "devDependencies": {
        "assemblyscript": "^0.27.31"
      }
    },
    "../wasmx-stake": {
      "version": "0.0.1",
      "license": "UNLICENSED",
      "dependencies": {
        "as-base64": "^0.2.0",
        "json-as": "file:../../../as-json",
        "visitor-as": "^0.11.4",
        "wasmx-bank": "file:../wasmx-bank",
        "wasmx-consensus": "file:../wasmx-consensus",
        "wasmx-derc20": "file:../wasmx-derc20",
        "wasmx-env": "file:../wasmx-env",
        "wasmx-erc20": "file:../wasmx-erc20",
        "wasmx-utils": "file:../wasmx-utils"
      },
      "devDependencies": {
        "assemblyscript": "^0.27.22"
      }
    },
    "../wasmx-utils": {
      "version": "0.0.1",
      "license": "UNLICENSED",
      "dependencies": {
        "as-base64": "^0.2.0",
        "json-as": "file:../../../as-json",
        "visitor-as": "^0.11.4"
      },
      "devDependencies": {
        "assemblyscript": "^0.27.22"
      }
    },
    "../xstate-fsm-as": {
      "version": "1.0.0",
      "license": "UNLICENSED",
      "dependencies": {
        "as-base64": "^0.2.0",
        "json-as": "file:../../../as-json",
        "visitor-as": "^0.11.4",
        "wasmx-blocks": "file:../wasmx-blocks",
        "wasmx-env": "file:../wasmx-env",
        "wasmx-utils": "file:../wasmx-utils"
      },
      "devDependencies": {
        "assemblyscript": "^0.27.15"
      }
    },
    "node_modules/as-base64": {
      "version": "0.2.0",
      "resolved": "https://registry.npmjs.org/as-base64/-/as-base64-0.2.0.tgz",
      "integrity": "sha512-j6JxprAVN4SXUcZiSChuMBf0JJOCdh5OfrHAepluxmFWuDZZm+YjmfNSk8djUHRPEB+Ui5HGvrz46GLvTJf3ig=="
    },
    "node_modules/assemblyscript": {
      "version": "0.27.23",
      "resolved": "https://registry.npmjs.org/assemblyscript/-/assemblyscript-0.27.23.tgz",
      "integrity": "sha512-+oLTB2IapORXof+bel+HliNUuEScUW4jpBIwV3Y4fDGiT0cu1qI+AJ1SG2RbJqvMo7fbUBGXv2ESq3iE9hK2rQ==",
      "dev": true,
      "dependencies": {
        "binaryen": "116.0.0-nightly.20240114",
        "long": "^5.2.1"
      },
      "bin": {
        "asc": "bin/asc.js",
        "asinit": "bin/asinit.js"
      },
      "engines": {
        "node": ">=16",
        "npm": ">=7"
      },
      "funding": {
        "type": "opencollective",
        "url": "https://opencollective.com/assemblyscript"
      }
    },
    "node_modules/binaryen": {
      "version": "116.0.0-nightly.20240114",
      "resolved": "https://registry.npmjs.org/binaryen/-/binaryen-116.0.0-nightly.20240114.tgz",
      "integrity": "sha512-0GZrojJnuhoe+hiwji7QFaL3tBlJoA+KFUN7ouYSDGZLSo9CKM8swQX8n/UcbR0d1VuZKU+nhogNzv423JEu5A==",
      "dev": true,
      "bin": {
        "wasm-opt": "bin/wasm-opt",
        "wasm2js": "bin/wasm2js"
      }
    },
    "node_modules/json-as": {
      "resolved": "../../../as-json",
      "link": true
    },
    "node_modules/lodash.clonedeep": {
      "version": "4.5.0",
      "resolved": "https://registry.npmjs.org/lodash.clonedeep/-/lodash.clonedeep-4.5.0.tgz",
      "integrity": "sha512-H5ZhCF25riFd9uB5UCkVKo61m3S/xZk1x4wA6yp/L3RFP6Z/eHH1ymQcGLo7J3GMPfm0V/7m1tryHuGVxpqEBQ=="
    },
    "node_modules/long": {
      "version": "5.2.3",
      "resolved": "https://registry.npmjs.org/long/-/long-5.2.3.tgz",
      "integrity": "sha512-lcHwpNoggQTObv5apGNCTdJrO69eHOZMi4BNC+rTLER8iHAqGrUVeLh/irVIM7zTw2bOXA8T6uNPeujwOLg/2Q==",
      "dev": true
    },
    "node_modules/ts-mixer": {
      "version": "6.0.3",
      "resolved": "https://registry.npmjs.org/ts-mixer/-/ts-mixer-6.0.3.tgz",
      "integrity": "sha512-k43M7uCG1AkTyxgnmI5MPwKoUvS/bRvLvUb7+Pgpdlmok8AoqmUaZxUUw8zKM5B1lqZrt41GjYgnvAi0fppqgQ=="
    },
    "node_modules/visitor-as": {
      "version": "0.11.4",
      "resolved": "https://registry.npmjs.org/visitor-as/-/visitor-as-0.11.4.tgz",
      "integrity": "sha512-uih7AooY2V3LhzobjLqyEQzhYYBGeq0y/rZk295foM1Ko498f24NNXBDyM1SgzcLMFCAT/fpmSRco1BpTIdKNQ==",
      "dependencies": {
        "lodash.clonedeep": "^4.5.0",
        "ts-mixer": "^6.0.2"
      },
      "peerDependencies": {
        "assemblyscript": "^0.25.0"
      }
    },
    "node_modules/wasmx-blocks": {
      "resolved": "../wasmx-blocks",
      "link": true
    },
    "node_modules/wasmx-consensus": {
      "resolved": "../wasmx-consensus",
      "link": true
    },
    "node_modules/wasmx-consensus-utils": {
      "resolved": "../wasmx-consensus-utils",
      "link": true
    },
    "node_modules/wasmx-env": {
      "resolved": "../wasmx-env",
      "link": true
    },
    "node_modules/wasmx-env-core": {
      "resolved": "../wasmx-env-core",
      "link": true
    },
    "node_modules/wasmx-stake": {
      "resolved": "../wasmx-stake",
      "link": true
    },
    "node_modules/wasmx-utils": {
      "resolved": "../wasmx-utils",
      "link": true
    },
    "node_modules/xstate-fsm-as": {
      "resolved": "../xstate-fsm-as",
      "link": true
    }
  },
  "dependencies": {
    "as-base64": {
      "version": "0.2.0",
      "resolved": "https://registry.npmjs.org/as-base64/-/as-base64-0.2.0.tgz",
      "integrity": "sha512-j6JxprAVN4SXUcZiSChuMBf0JJOCdh5OfrHAepluxmFWuDZZm+YjmfNSk8djUHRPEB+Ui5HGvrz46GLvTJf3ig=="
    },
    "assemblyscript": {
      "version": "0.27.23",
      "resolved": "https://registry.npmjs.org/assemblyscript/-/assemblyscript-0.27.23.tgz",
      "integrity": "sha512-+oLTB2IapORXof+bel+HliNUuEScUW4jpBIwV3Y4fDGiT0cu1qI+AJ1SG2RbJqvMo7fbUBGXv2ESq3iE9hK2rQ==",
      "dev": true,
      "requires": {
        "binaryen": "116.0.0-nightly.20240114",
        "long": "^5.2.1"
      }
    },
    "binaryen": {
      "version": "116.0.0-nightly.20240114",
      "resolved": "https://registry.npmjs.org/binaryen/-/binaryen-116.0.0-nightly.20240114.tgz",
      "integrity": "sha512-0GZrojJnuhoe+hiwji7QFaL3tBlJoA+KFUN7ouYSDGZLSo9CKM8swQX8n/UcbR0d1VuZKU+nhogNzv423JEu5A==",
      "dev": true
    },
    "json-as": {
      "version": "file:../../../as-json",
      "requires": {
        "@as-pect/cli": "^8.1.0",
        "@as-tral/cli": "^3.0.2",
        "@assemblyscript/wasi-shim": "^0.1.0",
        "as-bench": "^0.0.0-alpha",
        "as-string-sink": "^0.5.3",
        "as-tally": "file:../wasmx-as-contracts/packages/as-tally",
        "as-variant": "^0.4.1",
        "as-virtual": "^0.1.9",
        "assemblyscript": "^0.27.22",
        "assemblyscript-prettier": "^3.0.1",
        "benchmark": "^2.1.4",
        "kati": "^0.6.2",
        "microtime": "^3.1.1",
        "prettier": "^3.1.1",
        "tinybench": "^2.5.1",
        "typescript": "^5.3.3",
        "visitor-as": "^0.11.4"
      }
    },
    "lodash.clonedeep": {
      "version": "4.5.0",
      "resolved": "https://registry.npmjs.org/lodash.clonedeep/-/lodash.clonedeep-4.5.0.tgz",
      "integrity": "sha512-H5ZhCF25riFd9uB5UCkVKo61m3S/xZk1x4wA6yp/L3RFP6Z/eHH1ymQcGLo7J3GMPfm0V/7m1tryHuGVxpqEBQ=="
    },
    "long": {
      "version": "5.2.3",
      "resolved": "https://registry.npmjs.org/long/-/long-5.2.3.tgz",
      "integrity": "sha512-lcHwpNoggQTObv5apGNCTdJrO69eHOZMi4BNC+rTLER8iHAqGrUVeLh/irVIM7zTw2bOXA8T6uNPeujwOLg/2Q==",
      "dev": true
    },
    "ts-mixer": {
      "version": "6.0.3",
      "resolved": "https://registry.npmjs.org/ts-mixer/-/ts-mixer-6.0.3.tgz",
      "integrity": "sha512-k43M7uCG1AkTyxgnmI5MPwKoUvS/bRvLvUb7+Pgpdlmok8AoqmUaZxUUw8zKM5B1lqZrt41GjYgnvAi0fppqgQ=="
    },
    "visitor-as": {
      "version": "0.11.4",
      "resolved": "https://registry.npmjs.org/visitor-as/-/visitor-as-0.11.4.tgz",
      "integrity": "sha512-uih7AooY2V3LhzobjLqyEQzhYYBGeq0y/rZk295foM1Ko498f24NNXBDyM1SgzcLMFCAT/fpmSRco1BpTIdKNQ==",
      "requires": {
        "lodash.clonedeep": "^4.5.0",
        "ts-mixer": "^6.0.2"
      }
    },
    "wasmx-blocks": {
      "version": "file:../wasmx-blocks",
      "requires": {
        "as-base64": "^0.2.0",
        "assemblyscript": "^0.27.22",
        "json-as": "file:../../../as-json",
        "visitor-as": "^0.11.4",
        "wasmx-env": "file:../wasmx-env",
        "wasmx-utils": "file:../wasmx-utils"
      }
    },
    "wasmx-consensus": {
      "version": "file:../wasmx-consensus",
      "requires": {
        "as-base64": "^0.2.0",
        "assemblyscript": "^0.27.22",
        "json-as": "file:../../../as-json",
        "visitor-as": "^0.11.4",
        "wasmx-env": "file:../wasmx-env"
      }
    },
    "wasmx-consensus-utils": {
      "version": "file:../wasmx-consensus-utils",
      "requires": {
        "as-base64": "^0.2.0",
        "as-tally": "file:../as-tally",
        "assemblyscript": "^0.27.24",
        "json-as": "file:../../../as-json",
        "visitor-as": "^0.11.4",
        "wasmx-blocks": "file:../wasmx-blocks",
        "wasmx-consensus": "file:../wasmx-consensus",
        "wasmx-env": "file:../wasmx-env",
        "wasmx-stake": "file:../wasmx-stake",
        "wasmx-utils": "file:../wasmx-utils"
      }
    },
    "wasmx-env": {
      "version": "file:../wasmx-env",
      "requires": {
        "as-base64": "^0.2.0",
        "as-tally": "file:../as-tally",
        "assemblyscript": "^0.27.22",
        "json-as": "file:../../../as-json",
        "visitor-as": "^0.11.4"
      }
    },
    "wasmx-env-core": {
      "version": "file:../wasmx-env-core",
      "requires": {
        "as-base64": "^0.2.0",
        "as-tally": "file:../as-tally",
        "assemblyscript": "^0.27.31",
        "json-as": "file:../../../as-json",
        "visitor-as": "^0.11.4",
        "wasmx-env": "file:../wasmx-env"
      }
    },
    "wasmx-stake": {
      "version": "file:../wasmx-stake",
      "requires": {
        "as-base64": "^0.2.0",
        "assemblyscript": "^0.27.22",
        "json-as": "file:../../../as-json",
        "visitor-as": "^0.11.4",
        "wasmx-bank": "file:../wasmx-bank",
        "wasmx-consensus": "file:../wasmx-consensus",
        "wasmx-derc20": "file:../wasmx-derc20",
        "wasmx-env": "file:../wasmx-env",
        "wasmx-erc20": "file:../wasmx-erc20",
        "wasmx-utils": "file:../wasmx-utils"
      }
    },
    "wasmx-utils": {
      "version": "file:../wasmx-utils",
      "requires": {
        "as-base64": "^0.2.0",
        "assemblyscript": "^0.27.22",
        "json-as": "file:../../../as-json",
        "visitor-as": "^0.11.4"
      }
    },
    "xstate-fsm-as": {
      "version": "file:../xstate-fsm-as",
      "requires": {
        "as-base64": "^0.2.0",
        "assemblyscript": "^0.27.15",
        "json-as": "file:../../../as-json",
        "visitor-as": "^0.11.4",
        "wasmx-blocks": "file:../wasmx-blocks",
        "wasmx-env": "file:../wasmx-env",
        "wasmx-utils": "file:../wasmx-utils"
      }
    }
  }
}
