{
  "name": "wasmx-test-kvdb",
  "version": "0.0.1",
  "lockfileVersion": 3,
  "requires": true,
  "packages": {
    "": {
      "name": "wasmx-test-kvdb",
      "version": "0.0.1",
      "license": "UNLICENSED",
      "dependencies": {
        "as-base64": "^0.2.0",
        "json-as": "^1.0.4",
        "wasmx-env": "file:../wasmx-env",
        "wasmx-env-kvdb": "file:../wasmx-env-kvdb",
        "wasmx-utils": "file:../wasmx-utils"
      },
      "devDependencies": {
        "assemblyscript": "^0.27.35"
      }
    },
    "../../../as-json": {
      "name": "json-as",
      "version": "1.0.4",
      "license": "MIT",
      "devDependencies": {
        "@assemblyscript/wasi-shim": "^0.1.0",
        "@types/node": "^22.13.10",
        "assemblyscript": "^0.27.35",
        "assemblyscript-prettier": "^3.0.1",
        "prettier": "^3.5.3",
        "tsx": "^4.19.3",
        "typescript": "^5.8.2"
      }
    },
    "../../../as-json/node_modules/@assemblyscript/wasi-shim": {
      "version": "0.1.0",
      "dev": true,
      "license": "Apache-2.0",
      "funding": {
        "type": "opencollective",
        "url": "https://opencollective.com/assemblyscript"
      }
    },
    "../../../as-json/node_modules/@types/node": {
      "version": "20.2.3",
      "dev": true,
      "license": "MIT"
    },
    "../../../as-json/node_modules/assemblyscript": {
      "version": "0.27.22",
      "dev": true,
      "license": "Apache-2.0",
      "dependencies": {
        "binaryen": "116.0.0-nightly.20231102",
        "long": "^5.2.1"
      },
      "bin": {
        "asc": "bin/asc.js",
        "asinit": "bin/asinit.js"
      },
      "engines": {
        "node": ">=16",
        "npm": ">=7"
      },
      "funding": {
        "type": "opencollective",
        "url": "https://opencollective.com/assemblyscript"
      }
    },
    "../../../as-json/node_modules/assemblyscript-prettier": {
      "version": "3.0.1",
      "dev": true,
      "license": "MIT",
      "dependencies": {
        "assemblyscript": "~0.27.0"
      },
      "peerDependencies": {
        "prettier": "^3.0.0"
      }
    },
    "../../../as-json/node_modules/binaryen": {
      "version": "116.0.0-nightly.20231102",
      "dev": true,
      "license": "Apache-2.0",
      "bin": {
        "wasm-opt": "bin/wasm-opt",
        "wasm2js": "bin/wasm2js"
      }
    },
    "../../../as-json/node_modules/long": {
      "version": "5.2.3",
      "dev": true,
      "license": "Apache-2.0"
    },
    "../../../as-json/node_modules/prettier": {
      "version": "3.2.4",
      "dev": true,
      "license": "MIT",
      "bin": {
        "prettier": "bin/prettier.cjs"
      },
      "engines": {
        "node": ">=14"
      },
      "funding": {
        "url": "https://github.com/prettier/prettier?sponsor=1"
      }
    },
    "../../../as-json/node_modules/typescript": {
      "version": "5.3.3",
      "dev": true,
      "license": "Apache-2.0",
      "bin": {
        "tsc": "bin/tsc",
        "tsserver": "bin/tsserver"
      },
      "engines": {
        "node": ">=14.17"
      }
    },
    "../as-tally": {
      "version": "0.0.1",
      "license": "UNLICENSED",
      "devDependencies": {
        "assemblyscript": "0.27.36",
        "json-as": "^1.0.4"
      }
    },
    "../as-tally/node_modules/assemblyscript": {
      "version": "0.27.5",
      "dev": true,
      "license": "Apache-2.0",
      "dependencies": {
        "binaryen": "112.0.0-nightly.20230411",
        "long": "^5.2.1"
      },
      "bin": {
        "asc": "bin/asc.js",
        "asinit": "bin/asinit.js"
      },
      "engines": {
        "node": ">=16",
        "npm": ">=7"
      },
      "funding": {
        "type": "opencollective",
        "url": "https://opencollective.com/assemblyscript"
      }
    },
    "../as-tally/node_modules/binaryen": {
      "version": "112.0.0-nightly.20230411",
      "dev": true,
      "license": "Apache-2.0",
      "bin": {
        "wasm-opt": "bin/wasm-opt",
        "wasm2js": "bin/wasm2js"
      }
    },
    "../as-tally/node_modules/long": {
      "version": "5.2.3",
      "dev": true,
      "license": "Apache-2.0"
    },
    "../wasmx-env": {
      "version": "0.0.1",
      "license": "UNLICENSED",
      "dependencies": {
        "as-base64": "^0.2.0",
        "as-tally": "file:../as-tally",
        "json-as": "^1.0.4"
      },
      "devDependencies": {
        "assemblyscript": "0.27.36"
      }
    },
    "../wasmx-env-kvdb": {
      "version": "0.0.1",
      "license": "UNLICENSED",
      "dependencies": {
        "as-base64": "^0.2.0",
        "as-tally": "file:../as-tally",
        "json-as": "^1.0.4",
        "wasmx-env": "file:../wasmx-env"
      },
      "devDependencies": {
        "assemblyscript": "^0.27.35"
      }
    },
    "../wasmx-env-sql": {
      "version": "0.0.1",
      "extraneous": true,
      "license": "UNLICENSED",
      "dependencies": {
        "as-base64": "^0.2.0",
        "as-tally": "file:../as-tally",
        "json-as": "^1.0.4",
        "visitor-as": "^0.11.4"
      },
      "devDependencies": {
        "assemblyscript": "^0.27.35"
      }
    },
    "../wasmx-env/node_modules/as-base64": {
      "version": "0.2.0",
      "license": "MIT"
    },
    "../wasmx-env/node_modules/as-tally": {
      "resolved": "../as-tally",
      "link": true
    },
    "../wasmx-env/node_modules/assemblyscript": {
      "version": "0.27.22",
      "dev": true,
      "license": "Apache-2.0",
      "dependencies": {
        "binaryen": "116.0.0-nightly.20231102",
        "long": "^5.2.1"
      },
      "bin": {
        "asc": "bin/asc.js",
        "asinit": "bin/asinit.js"
      },
      "engines": {
        "node": ">=16",
        "npm": ">=7"
      },
      "funding": {
        "type": "opencollective",
        "url": "https://opencollective.com/assemblyscript"
      }
    },
    "../wasmx-env/node_modules/binaryen": {
      "version": "116.0.0-nightly.20231102",
      "dev": true,
      "license": "Apache-2.0",
      "bin": {
        "wasm-opt": "bin/wasm-opt",
        "wasm2js": "bin/wasm2js"
      }
    },
    "../wasmx-env/node_modules/json-as": {
      "resolved": "../../../as-json",
      "link": true
    },
    "../wasmx-env/node_modules/long": {
      "version": "5.2.3",
      "dev": true,
      "license": "Apache-2.0"
    },
    "../wasmx-utils": {
      "version": "0.0.1",
      "license": "UNLICENSED",
      "dependencies": {
        "as-base64": "^0.2.0",
        "json-as": "^1.0.4"
      },
      "devDependencies": {
        "assemblyscript": "0.27.36"
      }
    },
    "../wasmx-utils/node_modules/as-base64": {
      "version": "0.2.0",
      "license": "MIT"
    },
    "../wasmx-utils/node_modules/assemblyscript": {
      "version": "0.27.22",
      "dev": true,
      "license": "Apache-2.0",
      "dependencies": {
        "binaryen": "116.0.0-nightly.20231102",
        "long": "^5.2.1"
      },
      "bin": {
        "asc": "bin/asc.js",
        "asinit": "bin/asinit.js"
      },
      "engines": {
        "node": ">=16",
        "npm": ">=7"
      },
      "funding": {
        "type": "opencollective",
        "url": "https://opencollective.com/assemblyscript"
      }
    },
    "../wasmx-utils/node_modules/binaryen": {
      "version": "116.0.0-nightly.20231102",
      "dev": true,
      "license": "Apache-2.0",
      "bin": {
        "wasm-opt": "bin/wasm-opt",
        "wasm2js": "bin/wasm2js"
      }
    },
    "../wasmx-utils/node_modules/json-as": {
      "resolved": "../../../as-json",
      "link": true
    },
    "../wasmx-utils/node_modules/long": {
      "version": "5.2.3",
      "dev": true,
      "license": "Apache-2.0"
    },
    "node_modules/as-base64": {
      "version": "0.2.0",
      "license": "MIT"
    },
    "node_modules/assemblyscript": {
      "version": "0.27.35",
      "dev": true,
      "license": "Apache-2.0",
      "dependencies": {
        "binaryen": "116.0.0-nightly.20240114",
        "long": "^5.2.4"
      },
      "bin": {
        "asc": "bin/asc.js",
        "asinit": "bin/asinit.js"
      },
      "engines": {
        "node": ">=18",
        "npm": ">=10"
      },
      "funding": {
        "type": "opencollective",
        "url": "https://opencollective.com/assemblyscript"
      }
    },
    "node_modules/binaryen": {
      "version": "116.0.0-nightly.20240114",
      "dev": true,
      "license": "Apache-2.0",
      "bin": {
        "wasm-opt": "bin/wasm-opt",
        "wasm2js": "bin/wasm2js"
      }
    },
    "node_modules/json-as": {
      "resolved": "../../../as-json",
      "link": true
    },
    "node_modules/long": {
      "version": "5.3.1",
      "dev": true,
      "license": "Apache-2.0"
    },
    "node_modules/wasmx-env": {
      "resolved": "../wasmx-env",
      "link": true
    },
    "node_modules/wasmx-env-kvdb": {
      "resolved": "../wasmx-env-kvdb",
      "link": true
    },
    "node_modules/wasmx-utils": {
      "resolved": "../wasmx-utils",
      "link": true
    }
  }
}
